
Microsoft Visual Studio Solution File, Format Version 12.00
# Visual Studio Version 16
VisualStudioVersion = 16.0.31005.135
MinimumVisualStudioVersion = 10.0.40219.1
Project("{FAE04EC0-301F-11D3-BF4B-00C04F79EFBC}") = "Moment 3 - MusikAPI", "Moment 3 - MusikAPI\Moment 3 - MusikAPI.csproj", "{4FCC3426-BF53-472F-883E-788174CF81EF}"
EndProject
Global
	GlobalSection(SolutionConfigurationPlatforms) = preSolution
		Debug|Any CPU = Debug|Any CPU
		Release|Any CPU = Release|Any CPU
	EndGlobalSection
	GlobalSection(ProjectConfigurationPlatforms) = postSolution
		{4FCC3426-BF53-472F-883E-788174CF81EF}.Debug|Any CPU.ActiveCfg = Debug|Any CPU
		{4FCC3426-BF53-472F-883E-788174CF81EF}.Debug|Any CPU.Build.0 = Debug|Any CPU
		{4FCC3426-BF53-472F-883E-788174CF81EF}.Release|Any CPU.ActiveCfg = Release|Any CPU
		{4FCC3426-BF53-472F-883E-788174CF81EF}.Release|Any CPU.Build.0 = Release|Any CPU
	EndGlobalSection
	GlobalSection(SolutionProperties) = preSolution
		HideSolutionNode = FALSE
	EndGlobalSection
	GlobalSection(ExtensibilityGlobals) = postSolution
		SolutionGuid = {95B1E0E5-8D81-412D-942E-B15419DF6262}
	EndGlobalSection
EndGlobal
